
Microsoft Visual Studio Solution File, Format Version 12.00
# Visual Studio 15
VisualStudioVersion = 15.0.28307.168
MinimumVisualStudioVersion = 10.0.40219.1
Project("{FAE04EC0-301F-11D3-BF4B-00C04F79EFBC}") = "CO722852", "CO722852\CO722852.csproj", "{9C4A6C42-9E91-4B38-8B2D-1EFC2F6EDA62}"
EndProject
Global
	GlobalSection(SolutionConfigurationPlatforms) = preSolution
		Debug|Any CPU = Debug|Any CPU
		Release|Any CPU = Release|Any CPU
	EndGlobalSection
	GlobalSection(ProjectConfigurationPlatforms) = postSolution
		{9C4A6C42-9E91-4B38-8B2D-1EFC2F6EDA62}.Debug|Any CPU.ActiveCfg = Debug|Any CPU
		{9C4A6C42-9E91-4B38-8B2D-1EFC2F6EDA62}.Debug|Any CPU.Build.0 = Debug|Any CPU
		{9C4A6C42-9E91-4B38-8B2D-1EFC2F6EDA62}.Release|Any CPU.ActiveCfg = Release|Any CPU
		{9C4A6C42-9E91-4B38-8B2D-1EFC2F6EDA62}.Release|Any CPU.Build.0 = Release|Any CPU
	EndGlobalSection
	GlobalSection(SolutionProperties) = preSolution
		HideSolutionNode = FALSE
	EndGlobalSection
	GlobalSection(ExtensibilityGlobals) = postSolution
		SolutionGuid = {5F358341-B31D-457F-87CE-4B7AD05B8585}
	EndGlobalSection
EndGlobal
